
Microsoft Visual Studio Solution File, Format Version 12.00
# Visual Studio Version 17
VisualStudioVersion = 17.14.36327.8
MinimumVisualStudioVersion = 10.0.40219.1
Project("{FAE04EC0-301F-11D3-BF4B-00C04F79EFBC}") = "AbioticSavePlatformConverter", "AbioticSavePlatformConverter\AbioticSavePlatformConverter.csproj", "{3D2F3321-BA30-43BD-BB68-D6C8B64AD4AF}"
EndProject
Project("{FAE04EC0-301F-11D3-BF4B-00C04F79EFBC}") = "UeSaveGame", "UeSaveGame\UeSaveGame\UeSaveGame.csproj", "{0DB306F3-2880-3C34-93C6-22E716E824D1}"
EndProject
Project("{FAE04EC0-301F-11D3-BF4B-00C04F79EFBC}") = "EpicGames.Oodle", "EpicGames.Oodle\EpicGames.Oodle.csproj", "{6F88400E-5C82-F1AA-F942-0E82EBA69279}"
EndProject
Global
	GlobalSection(SolutionConfigurationPlatforms) = preSolution
		Debug|Any CPU = Debug|Any CPU
		Debug|x64 = Debug|x64
		Release|Any CPU = Release|Any CPU
		Release|x64 = Release|x64
	EndGlobalSection
	GlobalSection(ProjectConfigurationPlatforms) = postSolution
		{3D2F3321-BA30-43BD-BB68-D6C8B64AD4AF}.Debug|Any CPU.ActiveCfg = Debug|x64
		{3D2F3321-BA30-43BD-BB68-D6C8B64AD4AF}.Debug|x64.ActiveCfg = Debug|x64
		{3D2F3321-BA30-43BD-BB68-D6C8B64AD4AF}.Debug|x64.Build.0 = Debug|x64
		{3D2F3321-BA30-43BD-BB68-D6C8B64AD4AF}.Release|Any CPU.ActiveCfg = Release|x64
		{3D2F3321-BA30-43BD-BB68-D6C8B64AD4AF}.Release|x64.ActiveCfg = Release|x64
		{3D2F3321-BA30-43BD-BB68-D6C8B64AD4AF}.Release|x64.Build.0 = Release|x64
		{0DB306F3-2880-3C34-93C6-22E716E824D1}.Debug|Any CPU.ActiveCfg = Debug|x64
		{0DB306F3-2880-3C34-93C6-22E716E824D1}.Debug|Any CPU.Build.0 = Debug|x64
		{0DB306F3-2880-3C34-93C6-22E716E824D1}.Debug|x64.ActiveCfg = Debug|x64
		{0DB306F3-2880-3C34-93C6-22E716E824D1}.Debug|x64.Build.0 = Debug|x64
		{0DB306F3-2880-3C34-93C6-22E716E824D1}.Release|Any CPU.ActiveCfg = Release|x64
		{0DB306F3-2880-3C34-93C6-22E716E824D1}.Release|Any CPU.Build.0 = Release|x64
		{0DB306F3-2880-3C34-93C6-22E716E824D1}.Release|x64.ActiveCfg = Release|x64
		{0DB306F3-2880-3C34-93C6-22E716E824D1}.Release|x64.Build.0 = Release|x64
		{6F88400E-5C82-F1AA-F942-0E82EBA69279}.Debug|Any CPU.ActiveCfg = Debug|Any CPU
		{6F88400E-5C82-F1AA-F942-0E82EBA69279}.Debug|Any CPU.Build.0 = Debug|Any CPU
		{6F88400E-5C82-F1AA-F942-0E82EBA69279}.Debug|x64.ActiveCfg = Debug|Any CPU
		{6F88400E-5C82-F1AA-F942-0E82EBA69279}.Debug|x64.Build.0 = Debug|Any CPU
		{6F88400E-5C82-F1AA-F942-0E82EBA69279}.Release|Any CPU.ActiveCfg = Release|Any CPU
		{6F88400E-5C82-F1AA-F942-0E82EBA69279}.Release|Any CPU.Build.0 = Release|Any CPU
		{6F88400E-5C82-F1AA-F942-0E82EBA69279}.Release|x64.ActiveCfg = Release|Any CPU
		{6F88400E-5C82-F1AA-F942-0E82EBA69279}.Release|x64.Build.0 = Release|Any CPU
	EndGlobalSection
	GlobalSection(SolutionProperties) = preSolution
		HideSolutionNode = FALSE
	EndGlobalSection
	GlobalSection(ExtensibilityGlobals) = postSolution
		SolutionGuid = {21071C5C-7774-4FB0-A687-8BC358CD0339}
	EndGlobalSection
EndGlobal
